
Microsoft Visual Studio Solution File, Format Version 12.00
# Visual Studio Version 17
VisualStudioVersion = 17.0.32112.339
MinimumVisualStudioVersion = 10.0.40219.1
Project("{FAE04EC0-301F-11D3-BF4B-00C04F79EFBC}") = "clase25.03.2023", "clase25.03.2023\clase25.03.2023.csproj", "{4CE9B04F-BCB8-455A-926D-694CEEC2FDF2}"
EndProject
Global
	GlobalSection(SolutionConfigurationPlatforms) = preSolution
		Debug|Any CPU = Debug|Any CPU
		Release|Any CPU = Release|Any CPU
	EndGlobalSection
	GlobalSection(ProjectConfigurationPlatforms) = postSolution
		{4CE9B04F-BCB8-455A-926D-694CEEC2FDF2}.Debug|Any CPU.ActiveCfg = Debug|Any CPU
		{4CE9B04F-BCB8-455A-926D-694CEEC2FDF2}.Debug|Any CPU.Build.0 = Debug|Any CPU
		{4CE9B04F-BCB8-455A-926D-694CEEC2FDF2}.Release|Any CPU.ActiveCfg = Release|Any CPU
		{4CE9B04F-BCB8-455A-926D-694CEEC2FDF2}.Release|Any CPU.Build.0 = Release|Any CPU
	EndGlobalSection
	GlobalSection(SolutionProperties) = preSolution
		HideSolutionNode = FALSE
	EndGlobalSection
	GlobalSection(ExtensibilityGlobals) = postSolution
		SolutionGuid = {0B05E027-E046-4B08-B970-54AA022EB608}
	EndGlobalSection
EndGlobal
